
Microsoft Visual Studio Solution File, Format Version 12.00
# Visual Studio 15
VisualStudioVersion = 15.0.27004.2005
MinimumVisualStudioVersion = 10.0.40219.1
Project("{FAE04EC0-301F-11D3-BF4B-00C04F79EFBC}") = "DLaB.XrmAutoNumberGenerator", "DLaB.XrmAutoNumberGenerator\DLaB.XrmAutoNumberGenerator.csproj", "{16EA88A8-1A6D-4538-8902-2C3474FCA827}"
EndProject
Project("{2150E333-8FDC-42A3-9474-1A3956D46DE8}") = "GitHub", "GitHub", "{97DDEDBD-BEF2-4A9B-9505-FB1A067A7B0C}"
	ProjectSection(SolutionItems) = preProject
		LICENSE = LICENSE
		README.md = README.md
	EndProjectSection
EndProject
Project("{FAE04EC0-301F-11D3-BF4B-00C04F79EFBC}") = "WebResources", "WebResources\WebResources.csproj", "{44748D2E-F38C-4040-93F7-C7F4666D0654}"
EndProject
Project("{2150E333-8FDC-42A3-9474-1A3956D46DE8}") = "External References", "External References", "{BE9C8DA9-AF92-4EA6-A711-6B6F3E085F74}"
EndProject
Project("{2150E333-8FDC-42A3-9474-1A3956D46DE8}") = "Solutions", "Solutions", "{5B5B8EFA-5D14-42BF-A041-46342BDD9545}"
	ProjectSection(SolutionItems) = preProject
		Solutions\AutoNumberGenerator_1_0_0_0.zip = Solutions\AutoNumberGenerator_1_0_0_0.zip
		Solutions\AutoNumberGenerator_1_0_0_0_managed.zip = Solutions\AutoNumberGenerator_1_0_0_0_managed.zip
		Solutions\Extract.bat = Solutions\Extract.bat
		Solutions\SolutionPackager.exe = Solutions\SolutionPackager.exe
	EndProjectSection
EndProject
Project("{FAE04EC0-301F-11D3-BF4B-00C04F79EFBC}") = "DLaB.XrmAutoNumberGenerator.Tests", "DLaB.XrmAutoNumberGenerator.Tests\DLaB.XrmAutoNumberGenerator.Tests.csproj", "{0875C4AD-DAE5-455E-8A13-C8C07BCC859C}"
EndProject
Project("{FAE04EC0-301F-11D3-BF4B-00C04F79EFBC}") = "DLaB.XrmAutoNumberGenerator.Test", "DLaB.XrmAutoNumberGenerator.Test\DLaB.XrmAutoNumberGenerator.Test.csproj", "{CCB42164-24CF-442E-95FE-EAF367E09BF4}"
EndProject
Global
	GlobalSection(SolutionConfigurationPlatforms) = preSolution
		Debug No ILMerge|Any CPU = Debug No ILMerge|Any CPU
		Debug|Any CPU = Debug|Any CPU
		Release|Any CPU = Release|Any CPU
	EndGlobalSection
	GlobalSection(ProjectConfigurationPlatforms) = postSolution
		{16EA88A8-1A6D-4538-8902-2C3474FCA827}.Debug No ILMerge|Any CPU.ActiveCfg = Debug No ILMerge|Any CPU
		{16EA88A8-1A6D-4538-8902-2C3474FCA827}.Debug No ILMerge|Any CPU.Build.0 = Debug No ILMerge|Any CPU
		{16EA88A8-1A6D-4538-8902-2C3474FCA827}.Debug|Any CPU.ActiveCfg = Debug|Any CPU
		{16EA88A8-1A6D-4538-8902-2C3474FCA827}.Debug|Any CPU.Build.0 = Debug|Any CPU
		{16EA88A8-1A6D-4538-8902-2C3474FCA827}.Release|Any CPU.ActiveCfg = Release|Any CPU
		{16EA88A8-1A6D-4538-8902-2C3474FCA827}.Release|Any CPU.Build.0 = Release|Any CPU
		{44748D2E-F38C-4040-93F7-C7F4666D0654}.Debug No ILMerge|Any CPU.ActiveCfg = Debug No ILMerge|Any CPU
		{44748D2E-F38C-4040-93F7-C7F4666D0654}.Debug|Any CPU.ActiveCfg = Debug|Any CPU
		{44748D2E-F38C-4040-93F7-C7F4666D0654}.Release|Any CPU.ActiveCfg = Release|Any CPU
		{0875C4AD-DAE5-455E-8A13-C8C07BCC859C}.Debug No ILMerge|Any CPU.ActiveCfg = Debug|Any CPU
		{0875C4AD-DAE5-455E-8A13-C8C07BCC859C}.Debug No ILMerge|Any CPU.Build.0 = Debug|Any CPU
		{0875C4AD-DAE5-455E-8A13-C8C07BCC859C}.Debug|Any CPU.ActiveCfg = Debug|Any CPU
		{0875C4AD-DAE5-455E-8A13-C8C07BCC859C}.Debug|Any CPU.Build.0 = Debug|Any CPU
		{0875C4AD-DAE5-455E-8A13-C8C07BCC859C}.Release|Any CPU.ActiveCfg = Release|Any CPU
		{0875C4AD-DAE5-455E-8A13-C8C07BCC859C}.Release|Any CPU.Build.0 = Release|Any CPU
		{CCB42164-24CF-442E-95FE-EAF367E09BF4}.Debug No ILMerge|Any CPU.ActiveCfg = Debug|Any CPU
		{CCB42164-24CF-442E-95FE-EAF367E09BF4}.Debug No ILMerge|Any CPU.Build.0 = Debug|Any CPU
		{CCB42164-24CF-442E-95FE-EAF367E09BF4}.Debug|Any CPU.ActiveCfg = Debug|Any CPU
		{CCB42164-24CF-442E-95FE-EAF367E09BF4}.Debug|Any CPU.Build.0 = Debug|Any CPU
		{CCB42164-24CF-442E-95FE-EAF367E09BF4}.Release|Any CPU.ActiveCfg = Release|Any CPU
		{CCB42164-24CF-442E-95FE-EAF367E09BF4}.Release|Any CPU.Build.0 = Release|Any CPU
	EndGlobalSection
	GlobalSection(SolutionProperties) = preSolution
		HideSolutionNode = FALSE
	EndGlobalSection
	GlobalSection(ExtensibilityGlobals) = postSolution
		SolutionGuid = {70034184-C20F-4121-96AA-3377DDCCBA00}
	EndGlobalSection
EndGlobal
